
Microsoft Visual Studio Solution File, Format Version 12.00
# Visual Studio Version 17
VisualStudioVersion = 17.9.34902.65
MinimumVisualStudioVersion = 10.0.40219.1
Project("{FAE04EC0-301F-11D3-BF4B-00C04F79EFBC}") = "WebApplicationCQRS", "WebApplicationCQRS\WebApplicationCQRS.csproj", "{8CF67034-81A0-4BEA-882E-5553EE82354D}"
EndProject
Global
	GlobalSection(SolutionConfigurationPlatforms) = preSolution
		Debug|Any CPU = Debug|Any CPU
		Release|Any CPU = Release|Any CPU
	EndGlobalSection
	GlobalSection(ProjectConfigurationPlatforms) = postSolution
		{8CF67034-81A0-4BEA-882E-5553EE82354D}.Debug|Any CPU.ActiveCfg = Debug|Any CPU
		{8CF67034-81A0-4BEA-882E-5553EE82354D}.Debug|Any CPU.Build.0 = Debug|Any CPU
		{8CF67034-81A0-4BEA-882E-5553EE82354D}.Release|Any CPU.ActiveCfg = Release|Any CPU
		{8CF67034-81A0-4BEA-882E-5553EE82354D}.Release|Any CPU.Build.0 = Release|Any CPU
	EndGlobalSection
	GlobalSection(SolutionProperties) = preSolution
		HideSolutionNode = FALSE
	EndGlobalSection
	GlobalSection(ExtensibilityGlobals) = postSolution
		SolutionGuid = {C317C502-82C3-4C18-8ECD-5E2E4AB2FE42}
	EndGlobalSection
EndGlobal
